schema: '2.0'
stages:
  prepare:
    cmd: python -m src.prepare
    deps:
    - path: data/raw/ames.csv
      hash: md5
      md5: dbfd1a4af4117b7ec1d130572d9c6d7b
      size: 462137
    - path: params.yaml
      hash: md5
      md5: 6b7b6e862eeafd2994614c02da0680d1
      size: 495
    - path: src/prepare.py
      hash: md5
      md5: 6280126c0ea6c51ff8b3147bfda9b0cd
      size: 2220
    - path: src/preprocessing.py
      hash: md5
      md5: a9c367a0f69f8f4adfbe702e4b2e7a7b
      size: 3772
    outs:
    - path: data/processed/test.csv
      hash: md5
      md5: eb3184281eae8f9c9e593203a9bcbbe6
      size: 76657
    - path: data/processed/train.csv
      hash: md5
      md5: a3553f5e9387cbf421c222139f471a02
      size: 354377
    - path: data/processed/validation.csv
      hash: md5
      md5: c7a6240960e6bdf147d528e21d43581e
      size: 76659
  train:
    cmd: python -m src.train
    deps:
    - path: data/processed/train.csv
      hash: md5
      md5: a3553f5e9387cbf421c222139f471a02
      size: 354377
    - path: data/processed/validation.csv
      hash: md5
      md5: c7a6240960e6bdf147d528e21d43581e
      size: 76659
    - path: params.yaml
      hash: md5
      md5: 6b7b6e862eeafd2994614c02da0680d1
      size: 495
    - path: src/preprocessing.py
      hash: md5
      md5: a9c367a0f69f8f4adfbe702e4b2e7a7b
      size: 3772
    - path: src/train.py
      hash: md5
      md5: 7872455a8f0299c3485de5b7ceaef122
      size: 6029
    outs:
    - path: models/catboost_model.cbm
      hash: md5
      md5: 67bacb7ec7bfd05a49f2758215a408a1
      size: 2209980
  evaluate:
    cmd: python -m src.evaluate
    deps:
    - path: data/processed/test.csv
      hash: md5
      md5: eb3184281eae8f9c9e593203a9bcbbe6
      size: 76657
    - path: models/catboost_model.cbm
      hash: md5
      md5: 67bacb7ec7bfd05a49f2758215a408a1
      size: 2209980
    - path: params.yaml
      hash: md5
      md5: 6b7b6e862eeafd2994614c02da0680d1
      size: 495
    - path: src/evaluate.py
      hash: md5
      md5: 35641269487904078e8b64f12d6c5c96
      size: 4138
    - path: src/preprocessing.py
      hash: md5
      md5: a9c367a0f69f8f4adfbe702e4b2e7a7b
      size: 3772
    outs:
    - path: reports/metrics.json
      hash: md5
      md5: ea7452aeabfb6f1d60b96b0a20d4aeb2
      size: 148
